
Microsoft Visual Studio Solution File, Format Version 12.00
# Visual Studio 14
VisualStudioVersion = 14.0.24720.0
MinimumVisualStudioVersion = 10.0.40219.1
Project("{FAE04EC0-301F-11D3-BF4B-00C04F79EFBC}") = "WebApplication2", "WebApplication2\WebApplication2.csproj", "{EA828968-E3AB-40C0-BD51-52BA00BECF23}"
EndProject
Project("{2150E333-8FDC-42A3-9474-1A3956D46DE8}") = "PublishScripts", "PublishScripts", "{AD06A972-E5BC-49F6-9002-99AF2B9A2669}"
EndProject
Project("{2150E333-8FDC-42A3-9474-1A3956D46DE8}") = "Scripts", "Scripts", "{B096562B-354D-426C-9E6F-A05502BD306F}"
	ProjectSection(SolutionItems) = preProject
		PublishScripts\Scripts\Deploy-AzureResourceGroup.ps1 = PublishScripts\Scripts\Deploy-AzureResourceGroup.ps1
	EndProjectSection
EndProject
Project("{2150E333-8FDC-42A3-9474-1A3956D46DE8}") = "Templates", "Templates", "{9DAD7A2B-90E1-48A1-B20A-353F26D13418}"
	ProjectSection(SolutionItems) = preProject
		PublishScripts\Templates\WebApplication2.json = PublishScripts\Templates\WebApplication2.json
		PublishScripts\Templates\WebApplication2.param.dev.json = PublishScripts\Templates\WebApplication2.param.dev.json
	EndProjectSection
EndProject
Global
	GlobalSection(SolutionConfigurationPlatforms) = preSolution
		Debug|Any CPU = Debug|Any CPU
		Release|Any CPU = Release|Any CPU
	EndGlobalSection
	GlobalSection(ProjectConfigurationPlatforms) = postSolution
		{EA828968-E3AB-40C0-BD51-52BA00BECF23}.Debug|Any CPU.ActiveCfg = Debug|Any CPU
		{EA828968-E3AB-40C0-BD51-52BA00BECF23}.Debug|Any CPU.Build.0 = Debug|Any CPU
		{EA828968-E3AB-40C0-BD51-52BA00BECF23}.Release|Any CPU.ActiveCfg = Release|Any CPU
		{EA828968-E3AB-40C0-BD51-52BA00BECF23}.Release|Any CPU.Build.0 = Release|Any CPU
	EndGlobalSection
	GlobalSection(SolutionProperties) = preSolution
		HideSolutionNode = FALSE
	EndGlobalSection
	GlobalSection(NestedProjects) = preSolution
		{B096562B-354D-426C-9E6F-A05502BD306F} = {AD06A972-E5BC-49F6-9002-99AF2B9A2669}
		{9DAD7A2B-90E1-48A1-B20A-353F26D13418} = {AD06A972-E5BC-49F6-9002-99AF2B9A2669}
	EndGlobalSection
EndGlobal
